
Microsoft Visual Studio Solution File, Format Version 12.00
# Visual Studio Version 17
VisualStudioVersion = 17.8.34309.116
MinimumVisualStudioVersion = 10.0.40219.1
Project("{FAE04EC0-301F-11D3-BF4B-00C04F79EFBC}") = "BE.Arn.Security", "BE.Arn.Security.csproj", "{11173A7D-6CE0-48EB-97C1-7BDD3AACB8CD}"
EndProject
Global
	GlobalSection(SolutionConfigurationPlatforms) = preSolution
		Debug|Any CPU = Debug|Any CPU
		Release|Any CPU = Release|Any CPU
	EndGlobalSection
	GlobalSection(ProjectConfigurationPlatforms) = postSolution
		{11173A7D-6CE0-48EB-97C1-7BDD3AACB8CD}.Debug|Any CPU.ActiveCfg = Debug|Any CPU
		{11173A7D-6CE0-48EB-97C1-7BDD3AACB8CD}.Debug|Any CPU.Build.0 = Debug|Any CPU
		{11173A7D-6CE0-48EB-97C1-7BDD3AACB8CD}.Release|Any CPU.ActiveCfg = Release|Any CPU
		{11173A7D-6CE0-48EB-97C1-7BDD3AACB8CD}.Release|Any CPU.Build.0 = Release|Any CPU
	EndGlobalSection
	GlobalSection(SolutionProperties) = preSolution
		HideSolutionNode = FALSE
	EndGlobalSection
	GlobalSection(ExtensibilityGlobals) = postSolution
		SolutionGuid = {A0346717-EEFE-4CB5-9881-EDE6CB098B1A}
	EndGlobalSection
EndGlobal
